
Microsoft Visual Studio Solution File, Format Version 12.00
# Visual Studio 15
VisualStudioVersion = 15.0.27130.2020
MinimumVisualStudioVersion = 10.0.40219.1
Project("{8BC9CEB8-8B4A-11D0-8D11-00A0C91BC942}") = "import", "import\import.vcxproj", "{671B707A-E1DA-4859-8E8B-34F984E53BFA}"
	ProjectSection(ProjectDependencies) = postProject
		{49027F53-5645-4E83-93B2-7801C5F23287} = {49027F53-5645-4E83-93B2-7801C5F23287}
	EndProjectSection
EndProject
Project("{8BC9CEB8-8B4A-11D0-8D11-00A0C91BC942}") = "test", "test\test.vcxproj", "{D9B845C7-F214-4B0F-92B2-DD31197901B4}"
	ProjectSection(ProjectDependencies) = postProject
		{49027F53-5645-4E83-93B2-7801C5F23287} = {49027F53-5645-4E83-93B2-7801C5F23287}
	EndProjectSection
EndProject
Project("{8BC9CEB8-8B4A-11D0-8D11-00A0C91BC942}") = "editor", "editor\editor.vcxproj", "{C5BD4379-FEF5-4364-860D-CD11795ED00D}"
	ProjectSection(ProjectDependencies) = postProject
		{49027F53-5645-4E83-93B2-7801C5F23287} = {49027F53-5645-4E83-93B2-7801C5F23287}
	EndProjectSection
EndProject
Project("{8BC9CEB8-8B4A-11D0-8D11-00A0C91BC942}") = "game", "game\game.vcxproj", "{00FE37CB-EBED-4F22-B012-14BA1C7A9E3F}"
	ProjectSection(ProjectDependencies) = postProject
		{49027F53-5645-4E83-93B2-7801C5F23287} = {49027F53-5645-4E83-93B2-7801C5F23287}
	EndProjectSection
EndProject
Project("{8BC9CEB8-8B4A-11D0-8D11-00A0C91BC942}") = "ray_tracer", "path_tracer\path_tracer.vcxproj", "{C0B29EA9-C046-4825-955A-EA3CC0D851BC}"
	ProjectSection(ProjectDependencies) = postProject
		{49027F53-5645-4E83-93B2-7801C5F23287} = {49027F53-5645-4E83-93B2-7801C5F23287}
	EndProjectSection
EndProject
Project("{8BC9CEB8-8B4A-11D0-8D11-00A0C91BC942}") = "prebuild_events", "prebuild_events\prebuild_events.vcxproj", "{49027F53-5645-4E83-93B2-7801C5F23287}"
EndProject
Global
	GlobalSection(SolutionConfigurationPlatforms) = preSolution
		Debug|x64 = Debug|x64
		Debug|x86 = Debug|x86
		Release|x64 = Release|x64
		Release|x86 = Release|x86
	EndGlobalSection
	GlobalSection(ProjectConfigurationPlatforms) = postSolution
		{671B707A-E1DA-4859-8E8B-34F984E53BFA}.Debug|x64.ActiveCfg = Debug|x64
		{671B707A-E1DA-4859-8E8B-34F984E53BFA}.Debug|x64.Build.0 = Debug|x64
		{671B707A-E1DA-4859-8E8B-34F984E53BFA}.Debug|x86.ActiveCfg = Debug|x64
		{671B707A-E1DA-4859-8E8B-34F984E53BFA}.Release|x64.ActiveCfg = Release|x64
		{671B707A-E1DA-4859-8E8B-34F984E53BFA}.Release|x64.Build.0 = Release|x64
		{671B707A-E1DA-4859-8E8B-34F984E53BFA}.Release|x86.ActiveCfg = Release|x64
		{D9B845C7-F214-4B0F-92B2-DD31197901B4}.Debug|x64.ActiveCfg = Debug|x64
		{D9B845C7-F214-4B0F-92B2-DD31197901B4}.Debug|x64.Build.0 = Debug|x64
		{D9B845C7-F214-4B0F-92B2-DD31197901B4}.Debug|x86.ActiveCfg = Debug|Win32
		{D9B845C7-F214-4B0F-92B2-DD31197901B4}.Debug|x86.Build.0 = Debug|Win32
		{D9B845C7-F214-4B0F-92B2-DD31197901B4}.Release|x64.ActiveCfg = Release|x64
		{D9B845C7-F214-4B0F-92B2-DD31197901B4}.Release|x64.Build.0 = Release|x64
		{D9B845C7-F214-4B0F-92B2-DD31197901B4}.Release|x86.ActiveCfg = Release|Win32
		{D9B845C7-F214-4B0F-92B2-DD31197901B4}.Release|x86.Build.0 = Release|Win32
		{C5BD4379-FEF5-4364-860D-CD11795ED00D}.Debug|x64.ActiveCfg = Debug|x64
		{C5BD4379-FEF5-4364-860D-CD11795ED00D}.Debug|x64.Build.0 = Debug|x64
		{C5BD4379-FEF5-4364-860D-CD11795ED00D}.Debug|x86.ActiveCfg = Debug|Win32
		{C5BD4379-FEF5-4364-860D-CD11795ED00D}.Debug|x86.Build.0 = Debug|Win32
		{C5BD4379-FEF5-4364-860D-CD11795ED00D}.Release|x64.ActiveCfg = Release|x64
		{C5BD4379-FEF5-4364-860D-CD11795ED00D}.Release|x64.Build.0 = Release|x64
		{C5BD4379-FEF5-4364-860D-CD11795ED00D}.Release|x86.ActiveCfg = Release|Win32
		{C5BD4379-FEF5-4364-860D-CD11795ED00D}.Release|x86.Build.0 = Release|Win32
		{00FE37CB-EBED-4F22-B012-14BA1C7A9E3F}.Debug|x64.ActiveCfg = Debug|x64
		{00FE37CB-EBED-4F22-B012-14BA1C7A9E3F}.Debug|x64.Build.0 = Debug|x64
		{00FE37CB-EBED-4F22-B012-14BA1C7A9E3F}.Debug|x86.ActiveCfg = Debug|Win32
		{00FE37CB-EBED-4F22-B012-14BA1C7A9E3F}.Debug|x86.Build.0 = Debug|Win32
		{00FE37CB-EBED-4F22-B012-14BA1C7A9E3F}.Release|x64.ActiveCfg = Release|x64
		{00FE37CB-EBED-4F22-B012-14BA1C7A9E3F}.Release|x64.Build.0 = Release|x64
		{00FE37CB-EBED-4F22-B012-14BA1C7A9E3F}.Release|x86.ActiveCfg = Release|Win32
		{00FE37CB-EBED-4F22-B012-14BA1C7A9E3F}.Release|x86.Build.0 = Release|Win32
		{C0B29EA9-C046-4825-955A-EA3CC0D851BC}.Debug|x64.ActiveCfg = Debug|x64
		{C0B29EA9-C046-4825-955A-EA3CC0D851BC}.Debug|x64.Build.0 = Debug|x64
		{C0B29EA9-C046-4825-955A-EA3CC0D851BC}.Debug|x86.ActiveCfg = Debug|Win32
		{C0B29EA9-C046-4825-955A-EA3CC0D851BC}.Debug|x86.Build.0 = Debug|Win32
		{C0B29EA9-C046-4825-955A-EA3CC0D851BC}.Release|x64.ActiveCfg = Release|x64
		{C0B29EA9-C046-4825-955A-EA3CC0D851BC}.Release|x64.Build.0 = Release|x64
		{C0B29EA9-C046-4825-955A-EA3CC0D851BC}.Release|x86.ActiveCfg = Release|Win32
		{C0B29EA9-C046-4825-955A-EA3CC0D851BC}.Release|x86.Build.0 = Release|Win32
		{49027F53-5645-4E83-93B2-7801C5F23287}.Debug|x64.ActiveCfg = Debug|x64
		{49027F53-5645-4E83-93B2-7801C5F23287}.Debug|x64.Build.0 = Debug|x64
		{49027F53-5645-4E83-93B2-7801C5F23287}.Debug|x86.ActiveCfg = Debug|Win32
		{49027F53-5645-4E83-93B2-7801C5F23287}.Debug|x86.Build.0 = Debug|Win32
		{49027F53-5645-4E83-93B2-7801C5F23287}.Release|x64.ActiveCfg = Release|x64
		{49027F53-5645-4E83-93B2-7801C5F23287}.Release|x64.Build.0 = Release|x64
		{49027F53-5645-4E83-93B2-7801C5F23287}.Release|x86.ActiveCfg = Release|Win32
		{49027F53-5645-4E83-93B2-7801C5F23287}.Release|x86.Build.0 = Release|Win32
	EndGlobalSection
	GlobalSection(SolutionProperties) = preSolution
		HideSolutionNode = FALSE
	EndGlobalSection
	GlobalSection(ExtensibilityGlobals) = postSolution
		SolutionGuid = {0501205E-DD53-4BB1-A33E-6C4CEC5304E4}
	EndGlobalSection
EndGlobal
