
Microsoft Visual Studio Solution File, Format Version 12.00
# Visual Studio 15
VisualStudioVersion = 15.0.27130.2020
MinimumVisualStudioVersion = 10.0.40219.1
Project("{8BC9CEB8-8B4A-11D0-8D11-00A0C91BC942}") = "import", "import\import.vcxproj", "{671B707A-E1DA-4859-8E8B-34F984E53BFA}"
EndProject
Project("{8BC9CEB8-8B4A-11D0-8D11-00A0C91BC942}") = "test", "test\test.vcxproj", "{D9B845C7-F214-4B0F-92B2-DD31197901B4}"
EndProject
Project("{8BC9CEB8-8B4A-11D0-8D11-00A0C91BC942}") = "editor", "editor\editor.vcxproj", "{C5BD4379-FEF5-4364-860D-CD11795ED00D}"
EndProject
Project("{8BC9CEB8-8B4A-11D0-8D11-00A0C91BC942}") = "game", "game\game.vcxproj", "{00FE37CB-EBED-4F22-B012-14BA1C7A9E3F}"
EndProject
Project("{8BC9CEB8-8B4A-11D0-8D11-00A0C91BC942}") = "ray_tracer", "ray_tracer\ray_tracer.vcxproj", "{245F7607-7822-47A7-9E82-C61BA4E072C7}"
EndProject
Project("{2150E333-8FDC-42A3-9474-1A3956D46DE8}") = "hlsl", "hlsl", "{E1246798-C815-40CF-8759-5F67D164A3D0}"
	ProjectSection(SolutionItems) = preProject
		..\..\src\hlsl\blit_to_swap_chain.vps.hlsl = ..\..\src\hlsl\blit_to_swap_chain.vps.hlsl
		..\..\build.bat = ..\..\build.bat
		..\..\src\hlsl\common.h = ..\..\src\hlsl\common.h
		..\..\src\hlsl\gbuffer.vps.hlsl = ..\..\src\hlsl\gbuffer.vps.hlsl
		..\..\src\hlsl\gbuffer_direct_lit.vps.hlsl = ..\..\src\hlsl\gbuffer_direct_lit.vps.hlsl
		..\..\src\hlsl\imgui.vps.hlsl = ..\..\src\hlsl\imgui.vps.hlsl
		..\..\src\hlsl\shadow.rt.hlsl = ..\..\src\hlsl\shadow.rt.hlsl
	EndProjectSection
EndProject
Project("{2150E333-8FDC-42A3-9474-1A3956D46DE8}") = "miscs", "miscs", "{CCCD23EF-6FBB-4993-A0A2-D11D6F0E742B}"
	ProjectSection(SolutionItems) = preProject
		..\..\build.bat = ..\..\build.bat
		..\..\src\ispc\simple.ispc = ..\..\src\ispc\simple.ispc
		..\..\src\flatbuffers\world.fbs = ..\..\src\flatbuffers\world.fbs
	EndProjectSection
EndProject
Global
	GlobalSection(SolutionConfigurationPlatforms) = preSolution
		Debug|x64 = Debug|x64
		Debug|x86 = Debug|x86
		Release|x64 = Release|x64
		Release|x86 = Release|x86
	EndGlobalSection
	GlobalSection(ProjectConfigurationPlatforms) = postSolution
		{671B707A-E1DA-4859-8E8B-34F984E53BFA}.Debug|x64.ActiveCfg = Debug|x64
		{671B707A-E1DA-4859-8E8B-34F984E53BFA}.Debug|x64.Build.0 = Debug|x64
		{671B707A-E1DA-4859-8E8B-34F984E53BFA}.Debug|x86.ActiveCfg = Debug|x64
		{671B707A-E1DA-4859-8E8B-34F984E53BFA}.Release|x64.ActiveCfg = Release|x64
		{671B707A-E1DA-4859-8E8B-34F984E53BFA}.Release|x64.Build.0 = Release|x64
		{671B707A-E1DA-4859-8E8B-34F984E53BFA}.Release|x86.ActiveCfg = Release|x64
		{D9B845C7-F214-4B0F-92B2-DD31197901B4}.Debug|x64.ActiveCfg = Debug|x64
		{D9B845C7-F214-4B0F-92B2-DD31197901B4}.Debug|x64.Build.0 = Debug|x64
		{D9B845C7-F214-4B0F-92B2-DD31197901B4}.Debug|x86.ActiveCfg = Debug|Win32
		{D9B845C7-F214-4B0F-92B2-DD31197901B4}.Debug|x86.Build.0 = Debug|Win32
		{D9B845C7-F214-4B0F-92B2-DD31197901B4}.Release|x64.ActiveCfg = Release|x64
		{D9B845C7-F214-4B0F-92B2-DD31197901B4}.Release|x64.Build.0 = Release|x64
		{D9B845C7-F214-4B0F-92B2-DD31197901B4}.Release|x86.ActiveCfg = Release|Win32
		{D9B845C7-F214-4B0F-92B2-DD31197901B4}.Release|x86.Build.0 = Release|Win32
		{C5BD4379-FEF5-4364-860D-CD11795ED00D}.Debug|x64.ActiveCfg = Debug|x64
		{C5BD4379-FEF5-4364-860D-CD11795ED00D}.Debug|x64.Build.0 = Debug|x64
		{C5BD4379-FEF5-4364-860D-CD11795ED00D}.Debug|x86.ActiveCfg = Debug|Win32
		{C5BD4379-FEF5-4364-860D-CD11795ED00D}.Debug|x86.Build.0 = Debug|Win32
		{C5BD4379-FEF5-4364-860D-CD11795ED00D}.Release|x64.ActiveCfg = Release|x64
		{C5BD4379-FEF5-4364-860D-CD11795ED00D}.Release|x64.Build.0 = Release|x64
		{C5BD4379-FEF5-4364-860D-CD11795ED00D}.Release|x86.ActiveCfg = Release|Win32
		{C5BD4379-FEF5-4364-860D-CD11795ED00D}.Release|x86.Build.0 = Release|Win32
		{00FE37CB-EBED-4F22-B012-14BA1C7A9E3F}.Debug|x64.ActiveCfg = Debug|x64
		{00FE37CB-EBED-4F22-B012-14BA1C7A9E3F}.Debug|x64.Build.0 = Debug|x64
		{00FE37CB-EBED-4F22-B012-14BA1C7A9E3F}.Debug|x86.ActiveCfg = Debug|Win32
		{00FE37CB-EBED-4F22-B012-14BA1C7A9E3F}.Debug|x86.Build.0 = Debug|Win32
		{00FE37CB-EBED-4F22-B012-14BA1C7A9E3F}.Release|x64.ActiveCfg = Release|x64
		{00FE37CB-EBED-4F22-B012-14BA1C7A9E3F}.Release|x64.Build.0 = Release|x64
		{00FE37CB-EBED-4F22-B012-14BA1C7A9E3F}.Release|x86.ActiveCfg = Release|Win32
		{00FE37CB-EBED-4F22-B012-14BA1C7A9E3F}.Release|x86.Build.0 = Release|Win32
		{245F7607-7822-47A7-9E82-C61BA4E072C7}.Debug|x64.ActiveCfg = Debug|x64
		{245F7607-7822-47A7-9E82-C61BA4E072C7}.Debug|x64.Build.0 = Debug|x64
		{245F7607-7822-47A7-9E82-C61BA4E072C7}.Debug|x86.ActiveCfg = Debug|Win32
		{245F7607-7822-47A7-9E82-C61BA4E072C7}.Debug|x86.Build.0 = Debug|Win32
		{245F7607-7822-47A7-9E82-C61BA4E072C7}.Release|x64.ActiveCfg = Release|x64
		{245F7607-7822-47A7-9E82-C61BA4E072C7}.Release|x64.Build.0 = Release|x64
		{245F7607-7822-47A7-9E82-C61BA4E072C7}.Release|x86.ActiveCfg = Release|Win32
		{245F7607-7822-47A7-9E82-C61BA4E072C7}.Release|x86.Build.0 = Release|Win32
	EndGlobalSection
	GlobalSection(SolutionProperties) = preSolution
		HideSolutionNode = FALSE
	EndGlobalSection
	GlobalSection(ExtensibilityGlobals) = postSolution
		SolutionGuid = {0501205E-DD53-4BB1-A33E-6C4CEC5304E4}
	EndGlobalSection
EndGlobal
